{
  "nodes": {
    "fall": {
      "inputs": {
        "flake-utils": [
          "flake-utils"
        ],
        "nixpkgs": [
          "nixpkgs"
        ]
      },
      "locked": {
        "lastModified": 1746412495,
        "narHash": "sha256-ulgYzPTDkhjLZLMdIqFAKyJ7m4wOypdKknNsPear9/w=",
        "owner": "hooreique",
        "repo": "fall",
        "rev": "346261bf3fc4b481457b6ef683800c081d059c17",
        "type": "github"
      },
      "original": {
        "owner": "hooreique",
        "repo": "fall",
        "type": "github"
      }
    },
    "flake-utils": {
      "inputs": {
        "systems": "systems"
      },
      "locked": {
        "lastModified": 1731533236,
        "narHash": "sha256-l0KFg5HjrsfsO/JpG+r7fRrqm12kzFHyUHqHCVpMMbI=",
        "owner": "numtide",
        "repo": "flake-utils",
        "rev": "11707dc2f618dd54ca8739b309ec4fc024de578b",
        "type": "github"
      },
      "original": {
        "owner": "numtide",
        "repo": "flake-utils",
        "type": "github"
      }
    },
    "home-manager": {
      "inputs": {
        "nixpkgs": [
          "nixpkgs"
        ]
      },
      "locked": {
        "lastModified": 1742246081,
        "narHash": "sha256-1e4oFbtdOOb6NqauHevWWjEUXZnfZ6RUAJJjn9i4YBc=",
        "owner": "nix-community",
        "repo": "home-manager",
        "rev": "c657142e24a43ea1035889f0b0a7c24598e0e18a",
        "type": "github"
      },
      "original": {
        "owner": "nix-community",
        "repo": "home-manager",
        "type": "github"
      }
    },
    "lepo": {
      "inputs": {
        "flake-utils": [
          "flake-utils"
        ],
        "nixpkgs": [
          "nixpkgs"
        ]
      },
      "locked": {
        "lastModified": 1745635009,
        "narHash": "sha256-Gs+j+LPRTtcSc/eih5OQQ2jVhbqxEvdPwiZMzQxhNNI=",
        "owner": "lepo-cli",
        "repo": "lepo",
        "rev": "90c4f72c93aaec3793fd8185cf7b6f529f60c353",
        "type": "github"
      },
      "original": {
        "owner": "lepo-cli",
        "repo": "lepo",
        "type": "github"
      }
    },
    "nide": {
      "inputs": {
        "flake-utils": [
          "flake-utils"
        ],
        "nixpkgs": [
          "nixpkgs"
        ]
      },
      "locked": {
        "lastModified": 1746239695,
        "narHash": "sha256-eryqzcUZmdYz47b/XJQWChNj4P0/lLncKoSPKSFKKfU=",
        "owner": "hooreique",
        "repo": "nide",
        "rev": "b9247d1213de77c683b7ef833e865250aaa3683a",
        "type": "github"
      },
      "original": {
        "owner": "hooreique",
        "repo": "nide",
        "type": "github"
      }
    },
    "nixpkgs": {
      "locked": {
        "lastModified": 1742069588,
        "narHash": "sha256-C7jVfohcGzdZRF6DO+ybyG/sqpo1h6bZi9T56sxLy+k=",
        "owner": "NixOS",
        "repo": "nixpkgs",
        "rev": "c80f6a7e10b39afcc1894e02ef785b1ad0b0d7e5",
        "type": "github"
      },
      "original": {
        "owner": "NixOS",
        "ref": "nixos-unstable",
        "repo": "nixpkgs",
        "type": "github"
      }
    },
    "root": {
      "inputs": {
        "fall": "fall",
        "flake-utils": "flake-utils",
        "home-manager": "home-manager",
        "lepo": "lepo",
        "nide": "nide",
        "nixpkgs": "nixpkgs"
      }
    },
    "systems": {
      "locked": {
        "lastModified": 1681028828,
        "narHash": "sha256-Vy1rq5AaRuLzOxct8nz4T6wlgyUR7zLU309k9mBC768=",
        "owner": "nix-systems",
        "repo": "default",
        "rev": "da67096a3b9bf56a91d16901293e51ba5b49a27e",
        "type": "github"
      },
      "original": {
        "owner": "nix-systems",
        "repo": "default",
        "type": "github"
      }
    }
  },
  "root": "root",
  "version": 7
}
